
Microsoft Visual Studio Solution File, Format Version 12.00
# Visual Studio 15
VisualStudioVersion = 15.0.27703.2047
MinimumVisualStudioVersion = 10.0.40219.1
Project("{2150E333-8FDC-42A3-9474-1A3956D46DE8}") = "1 - Presentation", "1 - Presentation", "{E5B2D78C-E9A0-4189-B620-6AD979FA5DE9}"
EndProject
Project("{FAE04EC0-301F-11D3-BF4B-00C04F79EFBC}") = "Logatti.ByBus.API", "Logatti.ByBus.API\Logatti.ByBus.API.csproj", "{E872D5FB-F418-4A50-86E0-15B179752628}"
EndProject
Global
	GlobalSection(SolutionConfigurationPlatforms) = preSolution
		Debug|Any CPU = Debug|Any CPU
		Release|Any CPU = Release|Any CPU
	EndGlobalSection
	GlobalSection(ProjectConfigurationPlatforms) = postSolution
		{E872D5FB-F418-4A50-86E0-15B179752628}.Debug|Any CPU.ActiveCfg = Debug|Any CPU
		{E872D5FB-F418-4A50-86E0-15B179752628}.Debug|Any CPU.Build.0 = Debug|Any CPU
		{E872D5FB-F418-4A50-86E0-15B179752628}.Release|Any CPU.ActiveCfg = Release|Any CPU
		{E872D5FB-F418-4A50-86E0-15B179752628}.Release|Any CPU.Build.0 = Release|Any CPU
	EndGlobalSection
	GlobalSection(SolutionProperties) = preSolution
		HideSolutionNode = FALSE
	EndGlobalSection
	GlobalSection(NestedProjects) = preSolution
		{E872D5FB-F418-4A50-86E0-15B179752628} = {E5B2D78C-E9A0-4189-B620-6AD979FA5DE9}
	EndGlobalSection
	GlobalSection(ExtensibilityGlobals) = postSolution
		SolutionGuid = {7905FFCF-FAF3-4399-86CF-761B00EB817F}
	EndGlobalSection
EndGlobal
